
Microsoft Visual Studio Solution File, Format Version 12.00
# Visual Studio Version 16
VisualStudioVersion = 16.0.30011.22
MinimumVisualStudioVersion = 10.0.40219.1
Project("{FAE04EC0-301F-11D3-BF4B-00C04F79EFBC}") = "1-PrimeiroProjeto", "1-PrimeiroProjeto\1-PrimeiroProjeto.csproj", "{DCF784A7-EA34-401E-B193-44E4037DD16A}"
EndProject
Global
	GlobalSection(SolutionConfigurationPlatforms) = preSolution
		Debug|Any CPU = Debug|Any CPU
		Release|Any CPU = Release|Any CPU
	EndGlobalSection
	GlobalSection(ProjectConfigurationPlatforms) = postSolution
		{DCF784A7-EA34-401E-B193-44E4037DD16A}.Debug|Any CPU.ActiveCfg = Debug|Any CPU
		{DCF784A7-EA34-401E-B193-44E4037DD16A}.Debug|Any CPU.Build.0 = Debug|Any CPU
		{DCF784A7-EA34-401E-B193-44E4037DD16A}.Release|Any CPU.ActiveCfg = Release|Any CPU
		{DCF784A7-EA34-401E-B193-44E4037DD16A}.Release|Any CPU.Build.0 = Release|Any CPU
	EndGlobalSection
	GlobalSection(SolutionProperties) = preSolution
		HideSolutionNode = FALSE
	EndGlobalSection
	GlobalSection(ExtensibilityGlobals) = postSolution
		SolutionGuid = {D3E1AF14-9DC3-4E08-BAAA-04141C8739FB}
	EndGlobalSection
EndGlobal
